
Microsoft Visual Studio Solution File, Format Version 12.00
# Visual Studio Version 16
VisualStudioVersion = 16.0.32106.194
MinimumVisualStudioVersion = 10.0.40219.1
Project("{FAE04EC0-301F-11D3-BF4B-00C04F79EFBC}") = "Aula_Post_E_Comment", "Aula_Post_E_Comment\Aula_Post_E_Comment.csproj", "{A72E5F26-7A3B-4A5C-BFE6-2BB61B478AEA}"
EndProject
Global
	GlobalSection(SolutionConfigurationPlatforms) = preSolution
		Debug|Any CPU = Debug|Any CPU
		Release|Any CPU = Release|Any CPU
	EndGlobalSection
	GlobalSection(ProjectConfigurationPlatforms) = postSolution
		{A72E5F26-7A3B-4A5C-BFE6-2BB61B478AEA}.Debug|Any CPU.ActiveCfg = Debug|Any CPU
		{A72E5F26-7A3B-4A5C-BFE6-2BB61B478AEA}.Debug|Any CPU.Build.0 = Debug|Any CPU
		{A72E5F26-7A3B-4A5C-BFE6-2BB61B478AEA}.Release|Any CPU.ActiveCfg = Release|Any CPU
		{A72E5F26-7A3B-4A5C-BFE6-2BB61B478AEA}.Release|Any CPU.Build.0 = Release|Any CPU
	EndGlobalSection
	GlobalSection(SolutionProperties) = preSolution
		HideSolutionNode = FALSE
	EndGlobalSection
	GlobalSection(ExtensibilityGlobals) = postSolution
		SolutionGuid = {2D125AAE-CE27-4332-A60E-EEB5093E7E94}
	EndGlobalSection
EndGlobal
