
Microsoft Visual Studio Solution File, Format Version 12.00
# Visual Studio Version 16
VisualStudioVersion = 16.0.32126.315
MinimumVisualStudioVersion = 10.0.40219.1
Project("{FAE04EC0-301F-11D3-BF4B-00C04F79EFBC}") = "Aula_Stream", "Aula_Stream\Aula_Stream.csproj", "{5B55C27E-B042-490F-8C8E-15EC10E3CD46}"
EndProject
Global
	GlobalSection(SolutionConfigurationPlatforms) = preSolution
		Debug|Any CPU = Debug|Any CPU
		Release|Any CPU = Release|Any CPU
	EndGlobalSection
	GlobalSection(ProjectConfigurationPlatforms) = postSolution
		{5B55C27E-B042-490F-8C8E-15EC10E3CD46}.Debug|Any CPU.ActiveCfg = Debug|Any CPU
		{5B55C27E-B042-490F-8C8E-15EC10E3CD46}.Debug|Any CPU.Build.0 = Debug|Any CPU
		{5B55C27E-B042-490F-8C8E-15EC10E3CD46}.Release|Any CPU.ActiveCfg = Release|Any CPU
		{5B55C27E-B042-490F-8C8E-15EC10E3CD46}.Release|Any CPU.Build.0 = Release|Any CPU
	EndGlobalSection
	GlobalSection(SolutionProperties) = preSolution
		HideSolutionNode = FALSE
	EndGlobalSection
	GlobalSection(ExtensibilityGlobals) = postSolution
		SolutionGuid = {9E2D13B9-1D24-4F54-A5FA-85E6C094587A}
	EndGlobalSection
EndGlobal
