
Microsoft Visual Studio Solution File, Format Version 12.00
# Visual Studio Version 16
VisualStudioVersion = 16.0.32106.194
MinimumVisualStudioVersion = 10.0.40219.1
Project("{FAE04EC0-301F-11D3-BF4B-00C04F79EFBC}") = "Aula_Polimorfismos_Metodos_Abstratos", "Aula_Polimorfismos_Metodos_Abstratos\Aula_Polimorfismos_Metodos_Abstratos.csproj", "{2F811518-AE3D-473D-8DFD-9A5D42D4A922}"
EndProject
Global
	GlobalSection(SolutionConfigurationPlatforms) = preSolution
		Debug|Any CPU = Debug|Any CPU
		Release|Any CPU = Release|Any CPU
	EndGlobalSection
	GlobalSection(ProjectConfigurationPlatforms) = postSolution
		{2F811518-AE3D-473D-8DFD-9A5D42D4A922}.Debug|Any CPU.ActiveCfg = Debug|Any CPU
		{2F811518-AE3D-473D-8DFD-9A5D42D4A922}.Debug|Any CPU.Build.0 = Debug|Any CPU
		{2F811518-AE3D-473D-8DFD-9A5D42D4A922}.Release|Any CPU.ActiveCfg = Release|Any CPU
		{2F811518-AE3D-473D-8DFD-9A5D42D4A922}.Release|Any CPU.Build.0 = Release|Any CPU
	EndGlobalSection
	GlobalSection(SolutionProperties) = preSolution
		HideSolutionNode = FALSE
	EndGlobalSection
	GlobalSection(ExtensibilityGlobals) = postSolution
		SolutionGuid = {D81D7C48-9A62-4FAF-9E56-9C3440C3DC2B}
	EndGlobalSection
EndGlobal
