
Microsoft Visual Studio Solution File, Format Version 12.00
# Visual Studio Version 16
VisualStudioVersion = 16.0.32106.194
MinimumVisualStudioVersion = 10.0.40219.1
Project("{FAE04EC0-301F-11D3-BF4B-00C04F79EFBC}") = "TrabalhandoComArquvos", "TrabalhandoComArquvos\TrabalhandoComArquvos.csproj", "{51FFC4A6-1661-4C36-80EF-E8A5B4EE9891}"
EndProject
Global
	GlobalSection(SolutionConfigurationPlatforms) = preSolution
		Debug|Any CPU = Debug|Any CPU
		Release|Any CPU = Release|Any CPU
	EndGlobalSection
	GlobalSection(ProjectConfigurationPlatforms) = postSolution
		{51FFC4A6-1661-4C36-80EF-E8A5B4EE9891}.Debug|Any CPU.ActiveCfg = Debug|Any CPU
		{51FFC4A6-1661-4C36-80EF-E8A5B4EE9891}.Debug|Any CPU.Build.0 = Debug|Any CPU
		{51FFC4A6-1661-4C36-80EF-E8A5B4EE9891}.Release|Any CPU.ActiveCfg = Release|Any CPU
		{51FFC4A6-1661-4C36-80EF-E8A5B4EE9891}.Release|Any CPU.Build.0 = Release|Any CPU
	EndGlobalSection
	GlobalSection(SolutionProperties) = preSolution
		HideSolutionNode = FALSE
	EndGlobalSection
	GlobalSection(ExtensibilityGlobals) = postSolution
		SolutionGuid = {7A703492-47F9-4F14-9AD6-3125EC47FA14}
	EndGlobalSection
EndGlobal
