
Microsoft Visual Studio Solution File, Format Version 12.00
# Visual Studio Version 16
VisualStudioVersion = 16.0.32106.194
MinimumVisualStudioVersion = 10.0.40219.1
Project("{FAE04EC0-301F-11D3-BF4B-00C04F79EFBC}") = "Aula_Tratamento_Excecoes", "Aula_Tratamento_Excecoes\Aula_Tratamento_Excecoes.csproj", "{C8B0B086-C103-40DC-8BDF-CEC855E15128}"
EndProject
Global
	GlobalSection(SolutionConfigurationPlatforms) = preSolution
		Debug|Any CPU = Debug|Any CPU
		Release|Any CPU = Release|Any CPU
	EndGlobalSection
	GlobalSection(ProjectConfigurationPlatforms) = postSolution
		{C8B0B086-C103-40DC-8BDF-CEC855E15128}.Debug|Any CPU.ActiveCfg = Debug|Any CPU
		{C8B0B086-C103-40DC-8BDF-CEC855E15128}.Debug|Any CPU.Build.0 = Debug|Any CPU
		{C8B0B086-C103-40DC-8BDF-CEC855E15128}.Release|Any CPU.ActiveCfg = Release|Any CPU
		{C8B0B086-C103-40DC-8BDF-CEC855E15128}.Release|Any CPU.Build.0 = Release|Any CPU
	EndGlobalSection
	GlobalSection(SolutionProperties) = preSolution
		HideSolutionNode = FALSE
	EndGlobalSection
	GlobalSection(ExtensibilityGlobals) = postSolution
		SolutionGuid = {82620BFF-FCC1-4FCB-80BA-55B7D1BF8E7F}
	EndGlobalSection
EndGlobal
