
Microsoft Visual Studio Solution File, Format Version 12.00
# Visual Studio Version 16
VisualStudioVersion = 16.0.32002.261
MinimumVisualStudioVersion = 10.0.40219.1
Project("{FAE04EC0-301F-11D3-BF4B-00C04F79EFBC}") = "Aula_Calculo_Triangulo", "Aula_Calculo_Triangulo\Aula_Calculo_Triangulo.csproj", "{C3C609FF-4ECF-4949-BF13-75571C126FA3}"
EndProject
Global
	GlobalSection(SolutionConfigurationPlatforms) = preSolution
		Debug|Any CPU = Debug|Any CPU
		Release|Any CPU = Release|Any CPU
	EndGlobalSection
	GlobalSection(ProjectConfigurationPlatforms) = postSolution
		{C3C609FF-4ECF-4949-BF13-75571C126FA3}.Debug|Any CPU.ActiveCfg = Debug|Any CPU
		{C3C609FF-4ECF-4949-BF13-75571C126FA3}.Debug|Any CPU.Build.0 = Debug|Any CPU
		{C3C609FF-4ECF-4949-BF13-75571C126FA3}.Release|Any CPU.ActiveCfg = Release|Any CPU
		{C3C609FF-4ECF-4949-BF13-75571C126FA3}.Release|Any CPU.Build.0 = Release|Any CPU
	EndGlobalSection
	GlobalSection(SolutionProperties) = preSolution
		HideSolutionNode = FALSE
	EndGlobalSection
	GlobalSection(ExtensibilityGlobals) = postSolution
		SolutionGuid = {89147DA0-4613-4976-B475-A5A03A3AF9C8}
	EndGlobalSection
EndGlobal
