
Microsoft Visual Studio Solution File, Format Version 12.00
# Visual Studio Version 16
VisualStudioVersion = 16.0.32106.194
MinimumVisualStudioVersion = 10.0.40219.1
Project("{FAE04EC0-301F-11D3-BF4B-00C04F79EFBC}") = "Aula_Funcoes_Interessantes_String", "Aula_Funcoes_Interessantes_String\Aula_Funcoes_Interessantes_String.csproj", "{0DA0112A-1AE0-4A48-845B-CAB6E395C833}"
EndProject
Global
	GlobalSection(SolutionConfigurationPlatforms) = preSolution
		Debug|Any CPU = Debug|Any CPU
		Release|Any CPU = Release|Any CPU
	EndGlobalSection
	GlobalSection(ProjectConfigurationPlatforms) = postSolution
		{0DA0112A-1AE0-4A48-845B-CAB6E395C833}.Debug|Any CPU.ActiveCfg = Debug|Any CPU
		{0DA0112A-1AE0-4A48-845B-CAB6E395C833}.Debug|Any CPU.Build.0 = Debug|Any CPU
		{0DA0112A-1AE0-4A48-845B-CAB6E395C833}.Release|Any CPU.ActiveCfg = Release|Any CPU
		{0DA0112A-1AE0-4A48-845B-CAB6E395C833}.Release|Any CPU.Build.0 = Release|Any CPU
	EndGlobalSection
	GlobalSection(SolutionProperties) = preSolution
		HideSolutionNode = FALSE
	EndGlobalSection
	GlobalSection(ExtensibilityGlobals) = postSolution
		SolutionGuid = {A4EA3E9D-AE7B-42B1-85E3-244B13CF238A}
	EndGlobalSection
EndGlobal
