
Microsoft Visual Studio Solution File, Format Version 12.00
# Visual Studio Version 16
VisualStudioVersion = 16.0.32106.194
MinimumVisualStudioVersion = 10.0.40219.1
Project("{FAE04EC0-301F-11D3-BF4B-00C04F79EFBC}") = "Aula_CondicionalTernaria", "Aula_CondicionalTernaria\Aula_CondicionalTernaria.csproj", "{196D35DE-80D5-486D-AF11-3718CB432FEE}"
EndProject
Global
	GlobalSection(SolutionConfigurationPlatforms) = preSolution
		Debug|Any CPU = Debug|Any CPU
		Release|Any CPU = Release|Any CPU
	EndGlobalSection
	GlobalSection(ProjectConfigurationPlatforms) = postSolution
		{196D35DE-80D5-486D-AF11-3718CB432FEE}.Debug|Any CPU.ActiveCfg = Debug|Any CPU
		{196D35DE-80D5-486D-AF11-3718CB432FEE}.Debug|Any CPU.Build.0 = Debug|Any CPU
		{196D35DE-80D5-486D-AF11-3718CB432FEE}.Release|Any CPU.ActiveCfg = Release|Any CPU
		{196D35DE-80D5-486D-AF11-3718CB432FEE}.Release|Any CPU.Build.0 = Release|Any CPU
	EndGlobalSection
	GlobalSection(SolutionProperties) = preSolution
		HideSolutionNode = FALSE
	EndGlobalSection
	GlobalSection(ExtensibilityGlobals) = postSolution
		SolutionGuid = {5AA947AD-659D-49F8-911A-02AE4D44075E}
	EndGlobalSection
EndGlobal
