
Microsoft Visual Studio Solution File, Format Version 12.00
# Visual Studio Version 16
VisualStudioVersion = 16.0.32002.261
MinimumVisualStudioVersion = 10.0.40219.1
Project("{FAE04EC0-301F-11D3-BF4B-00C04F79EFBC}") = "Aula_Encapsulamento", "Aula_Encapsulamento\Aula_Encapsulamento.csproj", "{86ED7BE4-3AD1-4EEE-B8E5-C0027E16EB50}"
EndProject
Global
	GlobalSection(SolutionConfigurationPlatforms) = preSolution
		Debug|Any CPU = Debug|Any CPU
		Release|Any CPU = Release|Any CPU
	EndGlobalSection
	GlobalSection(ProjectConfigurationPlatforms) = postSolution
		{86ED7BE4-3AD1-4EEE-B8E5-C0027E16EB50}.Debug|Any CPU.ActiveCfg = Debug|Any CPU
		{86ED7BE4-3AD1-4EEE-B8E5-C0027E16EB50}.Debug|Any CPU.Build.0 = Debug|Any CPU
		{86ED7BE4-3AD1-4EEE-B8E5-C0027E16EB50}.Release|Any CPU.ActiveCfg = Release|Any CPU
		{86ED7BE4-3AD1-4EEE-B8E5-C0027E16EB50}.Release|Any CPU.Build.0 = Release|Any CPU
	EndGlobalSection
	GlobalSection(SolutionProperties) = preSolution
		HideSolutionNode = FALSE
	EndGlobalSection
	GlobalSection(ExtensibilityGlobals) = postSolution
		SolutionGuid = {CC4E18C5-DF46-46AB-8A3C-655DD6C4FDEC}
	EndGlobalSection
EndGlobal
