
Microsoft Visual Studio Solution File, Format Version 12.00
# Visual Studio Version 16
VisualStudioVersion = 16.0.32002.261
MinimumVisualStudioVersion = 10.0.40219.1
Project("{FAE04EC0-301F-11D3-BF4B-00C04F79EFBC}") = "ExDeposito_ContaBancaria", "ExDeposito_ContaBancaria\ExDeposito_ContaBancaria.csproj", "{608BB056-1073-45C9-9DD4-F29BF5897C81}"
EndProject
Global
	GlobalSection(SolutionConfigurationPlatforms) = preSolution
		Debug|Any CPU = Debug|Any CPU
		Release|Any CPU = Release|Any CPU
	EndGlobalSection
	GlobalSection(ProjectConfigurationPlatforms) = postSolution
		{608BB056-1073-45C9-9DD4-F29BF5897C81}.Debug|Any CPU.ActiveCfg = Debug|Any CPU
		{608BB056-1073-45C9-9DD4-F29BF5897C81}.Debug|Any CPU.Build.0 = Debug|Any CPU
		{608BB056-1073-45C9-9DD4-F29BF5897C81}.Release|Any CPU.ActiveCfg = Release|Any CPU
		{608BB056-1073-45C9-9DD4-F29BF5897C81}.Release|Any CPU.Build.0 = Release|Any CPU
	EndGlobalSection
	GlobalSection(SolutionProperties) = preSolution
		HideSolutionNode = FALSE
	EndGlobalSection
	GlobalSection(ExtensibilityGlobals) = postSolution
		SolutionGuid = {093D4F18-2D85-45B1-B520-BA189A1FEA97}
	EndGlobalSection
EndGlobal
