
Microsoft Visual Studio Solution File, Format Version 12.00
# Visual Studio Version 16
VisualStudioVersion = 16.0.32002.261
MinimumVisualStudioVersion = 10.0.40219.1
Project("{FAE04EC0-301F-11D3-BF4B-00C04F79EFBC}") = "Aula_Parametros_RefOut", "Aula_Parametros_RefOut\Aula_Parametros_RefOut.csproj", "{05C0663D-2D5F-4F29-9DA6-E247E2741E72}"
EndProject
Global
	GlobalSection(SolutionConfigurationPlatforms) = preSolution
		Debug|Any CPU = Debug|Any CPU
		Release|Any CPU = Release|Any CPU
	EndGlobalSection
	GlobalSection(ProjectConfigurationPlatforms) = postSolution
		{05C0663D-2D5F-4F29-9DA6-E247E2741E72}.Debug|Any CPU.ActiveCfg = Debug|Any CPU
		{05C0663D-2D5F-4F29-9DA6-E247E2741E72}.Debug|Any CPU.Build.0 = Debug|Any CPU
		{05C0663D-2D5F-4F29-9DA6-E247E2741E72}.Release|Any CPU.ActiveCfg = Release|Any CPU
		{05C0663D-2D5F-4F29-9DA6-E247E2741E72}.Release|Any CPU.Build.0 = Release|Any CPU
	EndGlobalSection
	GlobalSection(SolutionProperties) = preSolution
		HideSolutionNode = FALSE
	EndGlobalSection
	GlobalSection(ExtensibilityGlobals) = postSolution
		SolutionGuid = {D0574B90-799D-4301-8FC1-349EA770D346}
	EndGlobalSection
EndGlobal
