
Microsoft Visual Studio Solution File, Format Version 12.00
# Visual Studio Version 16
VisualStudioVersion = 16.0.32002.261
MinimumVisualStudioVersion = 10.0.40219.1
Project("{FAE04EC0-301F-11D3-BF4B-00C04F79EFBC}") = "Ex02_Funcionario_Calculo_Salario_Imposto", "Ex02_Funcionario_Calculo_Salario_Imposto\Ex02_Funcionario_Calculo_Salario_Imposto.csproj", "{274C6ED8-6118-42A1-A211-F60B2925EC26}"
EndProject
Global
	GlobalSection(SolutionConfigurationPlatforms) = preSolution
		Debug|Any CPU = Debug|Any CPU
		Release|Any CPU = Release|Any CPU
	EndGlobalSection
	GlobalSection(ProjectConfigurationPlatforms) = postSolution
		{274C6ED8-6118-42A1-A211-F60B2925EC26}.Debug|Any CPU.ActiveCfg = Debug|Any CPU
		{274C6ED8-6118-42A1-A211-F60B2925EC26}.Debug|Any CPU.Build.0 = Debug|Any CPU
		{274C6ED8-6118-42A1-A211-F60B2925EC26}.Release|Any CPU.ActiveCfg = Release|Any CPU
		{274C6ED8-6118-42A1-A211-F60B2925EC26}.Release|Any CPU.Build.0 = Release|Any CPU
	EndGlobalSection
	GlobalSection(SolutionProperties) = preSolution
		HideSolutionNode = FALSE
	EndGlobalSection
	GlobalSection(ExtensibilityGlobals) = postSolution
		SolutionGuid = {55AA45CF-65CD-4CC8-B76D-466CFB4A3372}
	EndGlobalSection
EndGlobal
