
Microsoft Visual Studio Solution File, Format Version 12.00
# Visual Studio Version 16
VisualStudioVersion = 16.0.32002.261
MinimumVisualStudioVersion = 10.0.40219.1
Project("{FAE04EC0-301F-11D3-BF4B-00C04F79EFBC}") = "Ex03_While", "Ex03_While\Ex03_While.csproj", "{9978D3CE-854D-4DB4-87D6-2A38CAA2394D}"
EndProject
Global
	GlobalSection(SolutionConfigurationPlatforms) = preSolution
		Debug|Any CPU = Debug|Any CPU
		Release|Any CPU = Release|Any CPU
	EndGlobalSection
	GlobalSection(ProjectConfigurationPlatforms) = postSolution
		{9978D3CE-854D-4DB4-87D6-2A38CAA2394D}.Debug|Any CPU.ActiveCfg = Debug|Any CPU
		{9978D3CE-854D-4DB4-87D6-2A38CAA2394D}.Debug|Any CPU.Build.0 = Debug|Any CPU
		{9978D3CE-854D-4DB4-87D6-2A38CAA2394D}.Release|Any CPU.ActiveCfg = Release|Any CPU
		{9978D3CE-854D-4DB4-87D6-2A38CAA2394D}.Release|Any CPU.Build.0 = Release|Any CPU
	EndGlobalSection
	GlobalSection(SolutionProperties) = preSolution
		HideSolutionNode = FALSE
	EndGlobalSection
	GlobalSection(ExtensibilityGlobals) = postSolution
		SolutionGuid = {DB11772F-29E6-4CA7-BB04-E81A5CCA0000}
	EndGlobalSection
EndGlobal
