
Microsoft Visual Studio Solution File, Format Version 12.00
# Visual Studio Version 16
VisualStudioVersion = 16.0.32106.194
MinimumVisualStudioVersion = 10.0.40219.1
Project("{FAE04EC0-301F-11D3-BF4B-00C04F79EFBC}") = "Ex_Lista_AumentoSalarioFuncionario", "Ex_Lista_AumentoSalarioFuncionario\Ex_Lista_AumentoSalarioFuncionario.csproj", "{5BA20A77-A5B4-4D7A-8B0B-C0737E3EF821}"
EndProject
Global
	GlobalSection(SolutionConfigurationPlatforms) = preSolution
		Debug|Any CPU = Debug|Any CPU
		Release|Any CPU = Release|Any CPU
	EndGlobalSection
	GlobalSection(ProjectConfigurationPlatforms) = postSolution
		{5BA20A77-A5B4-4D7A-8B0B-C0737E3EF821}.Debug|Any CPU.ActiveCfg = Debug|Any CPU
		{5BA20A77-A5B4-4D7A-8B0B-C0737E3EF821}.Debug|Any CPU.Build.0 = Debug|Any CPU
		{5BA20A77-A5B4-4D7A-8B0B-C0737E3EF821}.Release|Any CPU.ActiveCfg = Release|Any CPU
		{5BA20A77-A5B4-4D7A-8B0B-C0737E3EF821}.Release|Any CPU.Build.0 = Release|Any CPU
	EndGlobalSection
	GlobalSection(SolutionProperties) = preSolution
		HideSolutionNode = FALSE
	EndGlobalSection
	GlobalSection(ExtensibilityGlobals) = postSolution
		SolutionGuid = {8B3BFB1D-B150-457E-8D36-CB4AC97DB4E6}
	EndGlobalSection
EndGlobal
