
Microsoft Visual Studio Solution File, Format Version 12.00
# Visual Studio Version 16
VisualStudioVersion = 16.0.32126.315
MinimumVisualStudioVersion = 10.0.40219.1
Project("{FAE04EC0-301F-11D3-BF4B-00C04F79EFBC}") = "Aula_Sem_Interface", "Aula_Sem_Interface\Aula_Sem_Interface.csproj", "{9DC1CA22-F4AB-4C8A-A793-0FCA1DB4DC05}"
EndProject
Global
	GlobalSection(SolutionConfigurationPlatforms) = preSolution
		Debug|Any CPU = Debug|Any CPU
		Release|Any CPU = Release|Any CPU
	EndGlobalSection
	GlobalSection(ProjectConfigurationPlatforms) = postSolution
		{9DC1CA22-F4AB-4C8A-A793-0FCA1DB4DC05}.Debug|Any CPU.ActiveCfg = Debug|Any CPU
		{9DC1CA22-F4AB-4C8A-A793-0FCA1DB4DC05}.Debug|Any CPU.Build.0 = Debug|Any CPU
		{9DC1CA22-F4AB-4C8A-A793-0FCA1DB4DC05}.Release|Any CPU.ActiveCfg = Release|Any CPU
		{9DC1CA22-F4AB-4C8A-A793-0FCA1DB4DC05}.Release|Any CPU.Build.0 = Release|Any CPU
	EndGlobalSection
	GlobalSection(SolutionProperties) = preSolution
		HideSolutionNode = FALSE
	EndGlobalSection
	GlobalSection(ExtensibilityGlobals) = postSolution
		SolutionGuid = {0D29979B-71F0-4750-B699-C8E810D6D597}
	EndGlobalSection
EndGlobal
