
Microsoft Visual Studio Solution File, Format Version 12.00
# Visual Studio Version 16
VisualStudioVersion = 16.0.32106.194
MinimumVisualStudioVersion = 10.0.40219.1
Project("{FAE04EC0-301F-11D3-BF4B-00C04F79EFBC}") = "Aula_Matriz", "Aula_Matriz\Aula_Matriz.csproj", "{E42413BE-9057-43AC-8BEB-F038EAE5B254}"
EndProject
Global
	GlobalSection(SolutionConfigurationPlatforms) = preSolution
		Debug|Any CPU = Debug|Any CPU
		Release|Any CPU = Release|Any CPU
	EndGlobalSection
	GlobalSection(ProjectConfigurationPlatforms) = postSolution
		{E42413BE-9057-43AC-8BEB-F038EAE5B254}.Debug|Any CPU.ActiveCfg = Debug|Any CPU
		{E42413BE-9057-43AC-8BEB-F038EAE5B254}.Debug|Any CPU.Build.0 = Debug|Any CPU
		{E42413BE-9057-43AC-8BEB-F038EAE5B254}.Release|Any CPU.ActiveCfg = Release|Any CPU
		{E42413BE-9057-43AC-8BEB-F038EAE5B254}.Release|Any CPU.Build.0 = Release|Any CPU
	EndGlobalSection
	GlobalSection(SolutionProperties) = preSolution
		HideSolutionNode = FALSE
	EndGlobalSection
	GlobalSection(ExtensibilityGlobals) = postSolution
		SolutionGuid = {4C0F2B61-F1B5-4590-93DE-E66047BA27CC}
	EndGlobalSection
EndGlobal
