
Microsoft Visual Studio Solution File, Format Version 12.00
# Visual Studio Version 16
VisualStudioVersion = 16.0.32002.261
MinimumVisualStudioVersion = 10.0.40219.1
Project("{FAE04EC0-301F-11D3-BF4B-00C04F79EFBC}") = "ExFixacao_ConverorDeMoeda", "ExFixacao_ConverorDeMoeda\ExFixacao_ConverorDeMoeda.csproj", "{4F887392-B290-4D65-9B24-D285DEBA756A}"
EndProject
Global
	GlobalSection(SolutionConfigurationPlatforms) = preSolution
		Debug|Any CPU = Debug|Any CPU
		Release|Any CPU = Release|Any CPU
	EndGlobalSection
	GlobalSection(ProjectConfigurationPlatforms) = postSolution
		{4F887392-B290-4D65-9B24-D285DEBA756A}.Debug|Any CPU.ActiveCfg = Debug|Any CPU
		{4F887392-B290-4D65-9B24-D285DEBA756A}.Debug|Any CPU.Build.0 = Debug|Any CPU
		{4F887392-B290-4D65-9B24-D285DEBA756A}.Release|Any CPU.ActiveCfg = Release|Any CPU
		{4F887392-B290-4D65-9B24-D285DEBA756A}.Release|Any CPU.Build.0 = Release|Any CPU
	EndGlobalSection
	GlobalSection(SolutionProperties) = preSolution
		HideSolutionNode = FALSE
	EndGlobalSection
	GlobalSection(ExtensibilityGlobals) = postSolution
		SolutionGuid = {949CD807-AF62-487E-879F-38E0D2B07682}
	EndGlobalSection
EndGlobal
