
Microsoft Visual Studio Solution File, Format Version 12.00
# Visual Studio Version 16
VisualStudioVersion = 16.0.32002.261
MinimumVisualStudioVersion = 10.0.40219.1
Project("{FAE04EC0-301F-11D3-BF4B-00C04F79EFBC}") = "Ex01_While", "Ex01_While\Ex01_While.csproj", "{C3169259-6564-4A79-8EC6-7188919FA6F6}"
EndProject
Global
	GlobalSection(SolutionConfigurationPlatforms) = preSolution
		Debug|Any CPU = Debug|Any CPU
		Release|Any CPU = Release|Any CPU
	EndGlobalSection
	GlobalSection(ProjectConfigurationPlatforms) = postSolution
		{C3169259-6564-4A79-8EC6-7188919FA6F6}.Debug|Any CPU.ActiveCfg = Debug|Any CPU
		{C3169259-6564-4A79-8EC6-7188919FA6F6}.Debug|Any CPU.Build.0 = Debug|Any CPU
		{C3169259-6564-4A79-8EC6-7188919FA6F6}.Release|Any CPU.ActiveCfg = Release|Any CPU
		{C3169259-6564-4A79-8EC6-7188919FA6F6}.Release|Any CPU.Build.0 = Release|Any CPU
	EndGlobalSection
	GlobalSection(SolutionProperties) = preSolution
		HideSolutionNode = FALSE
	EndGlobalSection
	GlobalSection(ExtensibilityGlobals) = postSolution
		SolutionGuid = {8AE15FA9-D052-467A-9A02-5343F13DD629}
	EndGlobalSection
EndGlobal
