
Microsoft Visual Studio Solution File, Format Version 12.00
# Visual Studio Version 16
VisualStudioVersion = 16.0.32106.194
MinimumVisualStudioVersion = 10.0.40219.1
Project("{FAE04EC0-301F-11D3-BF4B-00C04F79EFBC}") = "Aula_FuncionarioPagamento", "Aula_FuncionarioPagamento\Aula_FuncionarioPagamento.csproj", "{88830FDC-12D4-4620-A847-0BCCDDA4088E}"
EndProject
Global
	GlobalSection(SolutionConfigurationPlatforms) = preSolution
		Debug|Any CPU = Debug|Any CPU
		Release|Any CPU = Release|Any CPU
	EndGlobalSection
	GlobalSection(ProjectConfigurationPlatforms) = postSolution
		{88830FDC-12D4-4620-A847-0BCCDDA4088E}.Debug|Any CPU.ActiveCfg = Debug|Any CPU
		{88830FDC-12D4-4620-A847-0BCCDDA4088E}.Debug|Any CPU.Build.0 = Debug|Any CPU
		{88830FDC-12D4-4620-A847-0BCCDDA4088E}.Release|Any CPU.ActiveCfg = Release|Any CPU
		{88830FDC-12D4-4620-A847-0BCCDDA4088E}.Release|Any CPU.Build.0 = Release|Any CPU
	EndGlobalSection
	GlobalSection(SolutionProperties) = preSolution
		HideSolutionNode = FALSE
	EndGlobalSection
	GlobalSection(ExtensibilityGlobals) = postSolution
		SolutionGuid = {F6C1303A-1764-478D-BC88-23DCAF75B347}
	EndGlobalSection
EndGlobal
